
Microsoft Visual Studio Solution File, Format Version 12.00
# Visual Studio Version 16
VisualStudioVersion = 16.0.31624.102
MinimumVisualStudioVersion = 10.0.40219.1
Project("{9A19103F-16F7-4668-BE54-9A1E7A4F7556}") = "TimeSheets.DAL", "TimeSheets.DAL\TimeSheets.DAL.csproj", "{98C31DA2-3D60-4C9D-8BD1-797285D4644C}"
EndProject
Project("{9A19103F-16F7-4668-BE54-9A1E7A4F7556}") = "TimeSheet.API", "TimeSheet.API\TimeSheet.API.csproj", "{0D573B6B-3D98-4239-916D-4E709AB74702}"
EndProject
Project("{9A19103F-16F7-4668-BE54-9A1E7A4F7556}") = "TimeSheets.BL", "TimeSheets.BL\TimeSheets.BL.csproj", "{0E9243C5-24BF-4CE1-834E-47C134069180}"
EndProject
Global
	GlobalSection(SolutionConfigurationPlatforms) = preSolution
		Debug|Any CPU = Debug|Any CPU
		Release|Any CPU = Release|Any CPU
	EndGlobalSection
	GlobalSection(ProjectConfigurationPlatforms) = postSolution
		{98C31DA2-3D60-4C9D-8BD1-797285D4644C}.Debug|Any CPU.ActiveCfg = Debug|Any CPU
		{98C31DA2-3D60-4C9D-8BD1-797285D4644C}.Debug|Any CPU.Build.0 = Debug|Any CPU
		{98C31DA2-3D60-4C9D-8BD1-797285D4644C}.Release|Any CPU.ActiveCfg = Release|Any CPU
		{98C31DA2-3D60-4C9D-8BD1-797285D4644C}.Release|Any CPU.Build.0 = Release|Any CPU
		{0D573B6B-3D98-4239-916D-4E709AB74702}.Debug|Any CPU.ActiveCfg = Debug|Any CPU
		{0D573B6B-3D98-4239-916D-4E709AB74702}.Debug|Any CPU.Build.0 = Debug|Any CPU
		{0D573B6B-3D98-4239-916D-4E709AB74702}.Release|Any CPU.ActiveCfg = Release|Any CPU
		{0D573B6B-3D98-4239-916D-4E709AB74702}.Release|Any CPU.Build.0 = Release|Any CPU
		{0E9243C5-24BF-4CE1-834E-47C134069180}.Debug|Any CPU.ActiveCfg = Debug|Any CPU
		{0E9243C5-24BF-4CE1-834E-47C134069180}.Debug|Any CPU.Build.0 = Debug|Any CPU
		{0E9243C5-24BF-4CE1-834E-47C134069180}.Release|Any CPU.ActiveCfg = Release|Any CPU
		{0E9243C5-24BF-4CE1-834E-47C134069180}.Release|Any CPU.Build.0 = Release|Any CPU
	EndGlobalSection
	GlobalSection(SolutionProperties) = preSolution
		HideSolutionNode = FALSE
	EndGlobalSection
	GlobalSection(ExtensibilityGlobals) = postSolution
		SolutionGuid = {23472497-CB36-4758-9424-30CDF1E8BDC5}
	EndGlobalSection
EndGlobal
