
Microsoft Visual Studio Solution File, Format Version 12.00
# Visual Studio Version 17
VisualStudioVersion = 17.1.32210.238
MinimumVisualStudioVersion = 10.0.40219.1
Project("{FAE04EC0-301F-11D3-BF4B-00C04F79EFBC}") = "TimeSheets", "TimeSheets\TimeSheets.csproj", "{CDD6B68D-503B-4E8A-9435-B351F57FF775}"
EndProject
Project("{FAE04EC0-301F-11D3-BF4B-00C04F79EFBC}") = "TmSheets.BL", "TmSheets.BL\TmSheets.BL.csproj", "{50E09B4F-20F5-41E4-9817-30E9C03C81B4}"
EndProject
Project("{FAE04EC0-301F-11D3-BF4B-00C04F79EFBC}") = "TmSheets.DAL", "TmSheets.DAL\TmSheets.DAL.csproj", "{FA0CE546-7829-4744-B518-6366C57F22CD}"
EndProject
Global
	GlobalSection(SolutionConfigurationPlatforms) = preSolution
		Debug|Any CPU = Debug|Any CPU
		Release|Any CPU = Release|Any CPU
	EndGlobalSection
	GlobalSection(ProjectConfigurationPlatforms) = postSolution
		{CDD6B68D-503B-4E8A-9435-B351F57FF775}.Debug|Any CPU.ActiveCfg = Debug|Any CPU
		{CDD6B68D-503B-4E8A-9435-B351F57FF775}.Debug|Any CPU.Build.0 = Debug|Any CPU
		{CDD6B68D-503B-4E8A-9435-B351F57FF775}.Release|Any CPU.ActiveCfg = Release|Any CPU
		{CDD6B68D-503B-4E8A-9435-B351F57FF775}.Release|Any CPU.Build.0 = Release|Any CPU
		{50E09B4F-20F5-41E4-9817-30E9C03C81B4}.Debug|Any CPU.ActiveCfg = Debug|Any CPU
		{50E09B4F-20F5-41E4-9817-30E9C03C81B4}.Debug|Any CPU.Build.0 = Debug|Any CPU
		{50E09B4F-20F5-41E4-9817-30E9C03C81B4}.Release|Any CPU.ActiveCfg = Release|Any CPU
		{50E09B4F-20F5-41E4-9817-30E9C03C81B4}.Release|Any CPU.Build.0 = Release|Any CPU
		{FA0CE546-7829-4744-B518-6366C57F22CD}.Debug|Any CPU.ActiveCfg = Debug|Any CPU
		{FA0CE546-7829-4744-B518-6366C57F22CD}.Debug|Any CPU.Build.0 = Debug|Any CPU
		{FA0CE546-7829-4744-B518-6366C57F22CD}.Release|Any CPU.ActiveCfg = Release|Any CPU
		{FA0CE546-7829-4744-B518-6366C57F22CD}.Release|Any CPU.Build.0 = Release|Any CPU
	EndGlobalSection
	GlobalSection(SolutionProperties) = preSolution
		HideSolutionNode = FALSE
	EndGlobalSection
	GlobalSection(ExtensibilityGlobals) = postSolution
		SolutionGuid = {552679B6-11FD-46E4-ADF5-EE28AC031D51}
	EndGlobalSection
EndGlobal
